// !$*UTF8*$!
{
	archiveVersion = 1;
	classes = {
	};
	objectVersion = 56;
	objects = {

/* Begin PBXBuildFile section */
		F65F70A02AECC5540038E05F /* DonsNoteStreetApp.swift in Sources */ = {isa = PBXBuildFile; fileRef = F65F709F2AECC5540038E05F /* DonsNoteStreetApp.swift */; };
		F65F70A22AECC5540038E05F /* ContentView.swift in Sources */ = {isa = PBXBuildFile; fileRef = F65F70A12AECC5540038E05F /* ContentView.swift */; };
		F65F70A42AECC5560038E05F /* Assets.xcassets in Resources */ = {isa = PBXBuildFile; fileRef = F65F70A32AECC5560038E05F /* Assets.xcassets */; };
		F65F70A82AECC5560038E05F /* Preview Assets.xcassets in Resources */ = {isa = PBXBuildFile; fileRef = F65F70A72AECC5560038E05F /* Preview Assets.xcassets */; };
		F65F70B02AECC5A80038E05F /* User.swift in Sources */ = {isa = PBXBuildFile; fileRef = F65F70AF2AECC5A80038E05F /* User.swift */; };
		F65F70B22AECC8180038E05F /* Artist.swift in Sources */ = {isa = PBXBuildFile; fileRef = F65F70B12AECC8180038E05F /* Artist.swift */; };
		F65F70B42AECCAA70038E05F /* Member.swift in Sources */ = {isa = PBXBuildFile; fileRef = F65F70B32AECCAA70038E05F /* Member.swift */; };
		F65F70B62AECCCA20038E05F /* Busking.swift in Sources */ = {isa = PBXBuildFile; fileRef = F65F70B52AECCCA20038E05F /* Busking.swift */; };
		F65F70B92AECCE170038E05F /* Alamofire in Frameworks */ = {isa = PBXBuildFile; productRef = F65F70B82AECCE170038E05F /* Alamofire */; };
		F65F70BC2AECD0030038E05F /* Service.swift in Sources */ = {isa = PBXBuildFile; fileRef = F65F70BB2AECD0030038E05F /* Service.swift */; };
		F65F70C12AECD78B0038E05F /* MyArtist.swift in Sources */ = {isa = PBXBuildFile; fileRef = F65F70C02AECD78B0038E05F /* MyArtist.swift */; };
		F65F70C42AECD7A70038E05F /* MapView.swift in Sources */ = {isa = PBXBuildFile; fileRef = F65F70C32AECD7A70038E05F /* MapView.swift */; };
		F65F70C72AECD7C30038E05F /* ProfileView.swift in Sources */ = {isa = PBXBuildFile; fileRef = F65F70C62AECD7C30038E05F /* ProfileView.swift */; };
		F65F70CA2AECDC9E0038E05F /* AppleLoginView.swift in Sources */ = {isa = PBXBuildFile; fileRef = F65F70C92AECDC9E0038E05F /* AppleLoginView.swift */; };
		F65F70CD2AECE9680038E05F /* MapViewModel.swift in Sources */ = {isa = PBXBuildFile; fileRef = F65F70CC2AECE9680038E05F /* MapViewModel.swift */; };
		F65F70D82AECF70B0038E05F /* Pretendard-Regular.otf in Resources */ = {isa = PBXBuildFile; fileRef = F65F70D02AECF70B0038E05F /* Pretendard-Regular.otf */; };
		F65F70D92AECF70B0038E05F /* Pretendard-Black.otf in Resources */ = {isa = PBXBuildFile; fileRef = F65F70D12AECF70B0038E05F /* Pretendard-Black.otf */; };
		F65F70DA2AECF70B0038E05F /* Pretendard-Medium.otf in Resources */ = {isa = PBXBuildFile; fileRef = F65F70D22AECF70B0038E05F /* Pretendard-Medium.otf */; };
		F65F70DB2AECF70B0038E05F /* Pretendard-Light.otf in Resources */ = {isa = PBXBuildFile; fileRef = F65F70D32AECF70B0038E05F /* Pretendard-Light.otf */; };
		F65F70DC2AECF70B0038E05F /* Pretendard-ExtraBold.otf in Resources */ = {isa = PBXBuildFile; fileRef = F65F70D42AECF70B0038E05F /* Pretendard-ExtraBold.otf */; };
		F65F70DD2AECF70B0038E05F /* Pretendard-Bold.otf in Resources */ = {isa = PBXBuildFile; fileRef = F65F70D52AECF70B0038E05F /* Pretendard-Bold.otf */; };
		F65F70DE2AECF70B0038E05F /* Font.swift in Sources */ = {isa = PBXBuildFile; fileRef = F65F70D62AECF70B0038E05F /* Font.swift */; };
		F65F70DF2AECF70B0038E05F /* Pretendard-SemiBold.otf in Resources */ = {isa = PBXBuildFile; fileRef = F65F70D72AECF70B0038E05F /* Pretendard-SemiBold.otf */; };
		F65F70E32AECF7700038E05F /* dropShadowModifier.swift in Sources */ = {isa = PBXBuildFile; fileRef = F65F70E12AECF7700038E05F /* dropShadowModifier.swift */; };
		F65F70E42AECF7700038E05F /* mainpageTitleModifier.swift in Sources */ = {isa = PBXBuildFile; fileRef = F65F70E22AECF7700038E05F /* mainpageTitleModifier.swift */; };
		F65F70E62AECF7860038E05F /* Components.swift in Sources */ = {isa = PBXBuildFile; fileRef = F65F70E52AECF7860038E05F /* Components.swift */; };
		F65F70E82AECF7900038E05F /* UIScreen.swift in Sources */ = {isa = PBXBuildFile; fileRef = F65F70E72AECF7900038E05F /* UIScreen.swift */; };
		F65F70EB2AECFC8F0038E05F /* BackgroundView.swift in Sources */ = {isa = PBXBuildFile; fileRef = F65F70EA2AECFC8F0038E05F /* BackgroundView.swift */; };
		F65F70ED2AECFCC60038E05F /* CircleBlur.swift in Sources */ = {isa = PBXBuildFile; fileRef = F65F70EC2AECFCC60038E05F /* CircleBlur.swift */; };
		F65F70EF2AECFD720038E05F /* DonationBar.swift in Sources */ = {isa = PBXBuildFile; fileRef = F65F70EE2AECFD720038E05F /* DonationBar.swift */; };
		F65F70F22AECFE290038E05F /* ProfileViewModel.swift in Sources */ = {isa = PBXBuildFile; fileRef = F65F70F12AECFE290038E05F /* ProfileViewModel.swift */; };
		F65F70F42AECFEB80038E05F /* UserPageView.swift in Sources */ = {isa = PBXBuildFile; fileRef = F65F70F32AECFEB80038E05F /* UserPageView.swift */; };
		F65F70F62AED00640038E05F /* EditFollowingListView.swift in Sources */ = {isa = PBXBuildFile; fileRef = F65F70F52AED00640038E05F /* EditFollowingListView.swift */; };
		F65F70F82AED00890038E05F /* DonationListView.swift in Sources */ = {isa = PBXBuildFile; fileRef = F65F70F72AED00890038E05F /* DonationListView.swift */; };
		F65F70FC2AED00E30038E05F /* EditUserAcountView.swift in Sources */ = {isa = PBXBuildFile; fileRef = F65F70FB2AED00E30038E05F /* EditUserAcountView.swift */; };
		F65F70FF2AED011A0038E05F /* AddUserArtistView.swift in Sources */ = {isa = PBXBuildFile; fileRef = F65F70FE2AED011A0038E05F /* AddUserArtistView.swift */; };
		F65F71012AED4FCA0038E05F /* PopOverText.swift in Sources */ = {isa = PBXBuildFile; fileRef = F65F71002AED4FC90038E05F /* PopOverText.swift */; };
		F65F71032AED50760038E05F /* UserPageViewModel.swift in Sources */ = {isa = PBXBuildFile; fileRef = F65F71022AED50760038E05F /* UserPageViewModel.swift */; };
		F65F71052AED51400038E05F /* ImageCropper.swift in Sources */ = {isa = PBXBuildFile; fileRef = F65F71042AED51400038E05F /* ImageCropper.swift */; };
		F65F71072AED52B20038E05F /* AccessToken.swift in Sources */ = {isa = PBXBuildFile; fileRef = F65F71062AED52B20038E05F /* AccessToken.swift */; };
		F65F71092AED57670038E05F /* KeychainItem.swift in Sources */ = {isa = PBXBuildFile; fileRef = F65F71082AED57670038E05F /* KeychainItem.swift */; };
		F69076AB2AF78AB3007B62A6 /* AddUserArtistViewModel.swift in Sources */ = {isa = PBXBuildFile; fileRef = F69076AA2AF78AB3007B62A6 /* AddUserArtistViewModel.swift */; };
		F6A176CD2AF9471A0014774A /* UserArtistProfileView.swift in Sources */ = {isa = PBXBuildFile; fileRef = F6A176CC2AF9471A0014774A /* UserArtistProfileView.swift */; };
		F6A176D02AF948E30014774A /* UserArtistProfileViewModel.swift in Sources */ = {isa = PBXBuildFile; fileRef = F6A176CF2AF948E30014774A /* UserArtistProfileViewModel.swift */; };
		F6A176D22AF94A080014774A /* AddBuskingView.swift in Sources */ = {isa = PBXBuildFile; fileRef = F6A176D12AF94A080014774A /* AddBuskingView.swift */; };
		F6A176D42AF94A390014774A /* EditFanView.swift in Sources */ = {isa = PBXBuildFile; fileRef = F6A176D32AF94A390014774A /* EditFanView.swift */; };
		F6A176D62AF94A510014774A /* EditDonationView.swift in Sources */ = {isa = PBXBuildFile; fileRef = F6A176D52AF94A510014774A /* EditDonationView.swift */; };
		F6A176D82AF94A8B0014774A /* EditBuskingView.swift in Sources */ = {isa = PBXBuildFile; fileRef = F6A176D72AF94A8B0014774A /* EditBuskingView.swift */; };
		F6A176DA2AF94AF80014774A /* EditUserArtistAcountView.swift in Sources */ = {isa = PBXBuildFile; fileRef = F6A176D92AF94AF80014774A /* EditUserArtistAcountView.swift */; };
		F6A176DC2AF94B4C0014774A /* AddBuskingViewModel.swift in Sources */ = {isa = PBXBuildFile; fileRef = F6A176DB2AF94B4C0014774A /* AddBuskingViewModel.swift */; };
		F6A176DE2AF94EE70014774A /* UserArtistPageView.swift in Sources */ = {isa = PBXBuildFile; fileRef = F6A176DD2AF94EE70014774A /* UserArtistPageView.swift */; };
/* End PBXBuildFile section */

/* Begin PBXFileReference section */
		F65F709C2AECC5540038E05F /* DonsNoteStreetApp.app */ = {isa = PBXFileReference; explicitFileType = wrapper.application; includeInIndex = 0; path = DonsNoteStreetApp.app; sourceTree = BUILT_PRODUCTS_DIR; };
		F65F709F2AECC5540038E05F /* DonsNoteStreetApp.swift */ = {isa = PBXFileReference; lastKnownFileType = sourcecode.swift; path = DonsNoteStreetApp.swift; sourceTree = "<group>"; };
		F65F70A12AECC5540038E05F /* ContentView.swift */ = {isa = PBXFileReference; lastKnownFileType = sourcecode.swift; path = ContentView.swift; sourceTree = "<group>"; };
		F65F70A32AECC5560038E05F /* Assets.xcassets */ = {isa = PBXFileReference; lastKnownFileType = folder.assetcatalog; path = Assets.xcassets; sourceTree = "<group>"; };
		F65F70A52AECC5560038E05F /* DonsNoteStreetApp.entitlements */ = {isa = PBXFileReference; lastKnownFileType = text.plist.entitlements; path = DonsNoteStreetApp.entitlements; sourceTree = "<group>"; };
		F65F70A72AECC5560038E05F /* Preview Assets.xcassets */ = {isa = PBXFileReference; lastKnownFileType = folder.assetcatalog; path = "Preview Assets.xcassets"; sourceTree = "<group>"; };
		F65F70AF2AECC5A80038E05F /* User.swift */ = {isa = PBXFileReference; lastKnownFileType = sourcecode.swift; path = User.swift; sourceTree = "<group>"; };
		F65F70B12AECC8180038E05F /* Artist.swift */ = {isa = PBXFileReference; lastKnownFileType = sourcecode.swift; path = Artist.swift; sourceTree = "<group>"; };
		F65F70B32AECCAA70038E05F /* Member.swift */ = {isa = PBXFileReference; lastKnownFileType = sourcecode.swift; path = Member.swift; sourceTree = "<group>"; };
		F65F70B52AECCCA20038E05F /* Busking.swift */ = {isa = PBXFileReference; lastKnownFileType = sourcecode.swift; path = Busking.swift; sourceTree = "<group>"; };
		F65F70BB2AECD0030038E05F /* Service.swift */ = {isa = PBXFileReference; lastKnownFileType = sourcecode.swift; path = Service.swift; sourceTree = "<group>"; };
		F65F70C02AECD78B0038E05F /* MyArtist.swift */ = {isa = PBXFileReference; lastKnownFileType = sourcecode.swift; path = MyArtist.swift; sourceTree = "<group>"; };
		F65F70C32AECD7A70038E05F /* MapView.swift */ = {isa = PBXFileReference; lastKnownFileType = sourcecode.swift; path = MapView.swift; sourceTree = "<group>"; };
		F65F70C62AECD7C30038E05F /* ProfileView.swift */ = {isa = PBXFileReference; lastKnownFileType = sourcecode.swift; path = ProfileView.swift; sourceTree = "<group>"; };
		F65F70C92AECDC9E0038E05F /* AppleLoginView.swift */ = {isa = PBXFileReference; lastKnownFileType = sourcecode.swift; path = AppleLoginView.swift; sourceTree = "<group>"; };
		F65F70CC2AECE9680038E05F /* MapViewModel.swift */ = {isa = PBXFileReference; lastKnownFileType = sourcecode.swift; path = MapViewModel.swift; sourceTree = "<group>"; };
		F65F70D02AECF70B0038E05F /* Pretendard-Regular.otf */ = {isa = PBXFileReference; lastKnownFileType = file; path = "Pretendard-Regular.otf"; sourceTree = "<group>"; };
		F65F70D12AECF70B0038E05F /* Pretendard-Black.otf */ = {isa = PBXFileReference; lastKnownFileType = file; path = "Pretendard-Black.otf"; sourceTree = "<group>"; };
		F65F70D22AECF70B0038E05F /* Pretendard-Medium.otf */ = {isa = PBXFileReference; lastKnownFileType = file; path = "Pretendard-Medium.otf"; sourceTree = "<group>"; };
		F65F70D32AECF70B0038E05F /* Pretendard-Light.otf */ = {isa = PBXFileReference; lastKnownFileType = file; path = "Pretendard-Light.otf"; sourceTree = "<group>"; };
		F65F70D42AECF70B0038E05F /* Pretendard-ExtraBold.otf */ = {isa = PBXFileReference; lastKnownFileType = file; path = "Pretendard-ExtraBold.otf"; sourceTree = "<group>"; };
		F65F70D52AECF70B0038E05F /* Pretendard-Bold.otf */ = {isa = PBXFileReference; lastKnownFileType = file; path = "Pretendard-Bold.otf"; sourceTree = "<group>"; };
		F65F70D62AECF70B0038E05F /* Font.swift */ = {isa = PBXFileReference; fileEncoding = 4; lastKnownFileType = sourcecode.swift; path = Font.swift; sourceTree = "<group>"; };
		F65F70D72AECF70B0038E05F /* Pretendard-SemiBold.otf */ = {isa = PBXFileReference; lastKnownFileType = file; path = "Pretendard-SemiBold.otf"; sourceTree = "<group>"; };
		F65F70E12AECF7700038E05F /* dropShadowModifier.swift */ = {isa = PBXFileReference; fileEncoding = 4; lastKnownFileType = sourcecode.swift; path = dropShadowModifier.swift; sourceTree = "<group>"; };
		F65F70E22AECF7700038E05F /* mainpageTitleModifier.swift */ = {isa = PBXFileReference; fileEncoding = 4; lastKnownFileType = sourcecode.swift; path = mainpageTitleModifier.swift; sourceTree = "<group>"; };
		F65F70E52AECF7860038E05F /* Components.swift */ = {isa = PBXFileReference; fileEncoding = 4; lastKnownFileType = sourcecode.swift; path = Components.swift; sourceTree = "<group>"; };
		F65F70E72AECF7900038E05F /* UIScreen.swift */ = {isa = PBXFileReference; fileEncoding = 4; lastKnownFileType = sourcecode.swift; path = UIScreen.swift; sourceTree = "<group>"; };
		F65F70EA2AECFC8F0038E05F /* BackgroundView.swift */ = {isa = PBXFileReference; fileEncoding = 4; lastKnownFileType = sourcecode.swift; path = BackgroundView.swift; sourceTree = "<group>"; };
		F65F70EC2AECFCC60038E05F /* CircleBlur.swift */ = {isa = PBXFileReference; fileEncoding = 4; lastKnownFileType = sourcecode.swift; path = CircleBlur.swift; sourceTree = "<group>"; };
		F65F70EE2AECFD720038E05F /* DonationBar.swift */ = {isa = PBXFileReference; fileEncoding = 4; lastKnownFileType = sourcecode.swift; path = DonationBar.swift; sourceTree = "<group>"; };
		F65F70F12AECFE290038E05F /* ProfileViewModel.swift */ = {isa = PBXFileReference; fileEncoding = 4; lastKnownFileType = sourcecode.swift; path = ProfileViewModel.swift; sourceTree = "<group>"; };
		F65F70F32AECFEB80038E05F /* UserPageView.swift */ = {isa = PBXFileReference; lastKnownFileType = sourcecode.swift; path = UserPageView.swift; sourceTree = "<group>"; };
		F65F70F52AED00640038E05F /* EditFollowingListView.swift */ = {isa = PBXFileReference; lastKnownFileType = sourcecode.swift; path = EditFollowingListView.swift; sourceTree = "<group>"; };
		F65F70F72AED00890038E05F /* DonationListView.swift */ = {isa = PBXFileReference; lastKnownFileType = sourcecode.swift; path = DonationListView.swift; sourceTree = "<group>"; };
		F65F70FB2AED00E30038E05F /* EditUserAcountView.swift */ = {isa = PBXFileReference; lastKnownFileType = sourcecode.swift; path = EditUserAcountView.swift; sourceTree = "<group>"; };
		F65F70FE2AED011A0038E05F /* AddUserArtistView.swift */ = {isa = PBXFileReference; lastKnownFileType = sourcecode.swift; path = AddUserArtistView.swift; sourceTree = "<group>"; };
		F65F71002AED4FC90038E05F /* PopOverText.swift */ = {isa = PBXFileReference; fileEncoding = 4; lastKnownFileType = sourcecode.swift; path = PopOverText.swift; sourceTree = "<group>"; };
		F65F71022AED50760038E05F /* UserPageViewModel.swift */ = {isa = PBXFileReference; fileEncoding = 4; lastKnownFileType = sourcecode.swift; path = UserPageViewModel.swift; sourceTree = "<group>"; };
		F65F71042AED51400038E05F /* ImageCropper.swift */ = {isa = PBXFileReference; fileEncoding = 4; lastKnownFileType = sourcecode.swift; path = ImageCropper.swift; sourceTree = "<group>"; };
		F65F71062AED52B20038E05F /* AccessToken.swift */ = {isa = PBXFileReference; lastKnownFileType = sourcecode.swift; path = AccessToken.swift; sourceTree = "<group>"; };
		F65F71082AED57670038E05F /* KeychainItem.swift */ = {isa = PBXFileReference; fileEncoding = 4; lastKnownFileType = sourcecode.swift; path = KeychainItem.swift; sourceTree = "<group>"; };
		F690767C2AF374DC007B62A6 /* Info.plist */ = {isa = PBXFileReference; lastKnownFileType = text.plist; path = Info.plist; sourceTree = "<group>"; };
		F69076AA2AF78AB3007B62A6 /* AddUserArtistViewModel.swift */ = {isa = PBXFileReference; lastKnownFileType = sourcecode.swift; path = AddUserArtistViewModel.swift; sourceTree = "<group>"; };
		F6A176CC2AF9471A0014774A /* UserArtistProfileView.swift */ = {isa = PBXFileReference; lastKnownFileType = sourcecode.swift; path = UserArtistProfileView.swift; sourceTree = "<group>"; };
		F6A176CF2AF948E30014774A /* UserArtistProfileViewModel.swift */ = {isa = PBXFileReference; lastKnownFileType = sourcecode.swift; path = UserArtistProfileViewModel.swift; sourceTree = "<group>"; };
		F6A176D12AF94A080014774A /* AddBuskingView.swift */ = {isa = PBXFileReference; lastKnownFileType = sourcecode.swift; path = AddBuskingView.swift; sourceTree = "<group>"; };
		F6A176D32AF94A390014774A /* EditFanView.swift */ = {isa = PBXFileReference; lastKnownFileType = sourcecode.swift; path = EditFanView.swift; sourceTree = "<group>"; };
		F6A176D52AF94A510014774A /* EditDonationView.swift */ = {isa = PBXFileReference; lastKnownFileType = sourcecode.swift; path = EditDonationView.swift; sourceTree = "<group>"; };
		F6A176D72AF94A8B0014774A /* EditBuskingView.swift */ = {isa = PBXFileReference; lastKnownFileType = sourcecode.swift; path = EditBuskingView.swift; sourceTree = "<group>"; };
		F6A176D92AF94AF80014774A /* EditUserArtistAcountView.swift */ = {isa = PBXFileReference; lastKnownFileType = sourcecode.swift; path = EditUserArtistAcountView.swift; sourceTree = "<group>"; };
		F6A176DB2AF94B4C0014774A /* AddBuskingViewModel.swift */ = {isa = PBXFileReference; lastKnownFileType = sourcecode.swift; path = AddBuskingViewModel.swift; sourceTree = "<group>"; };
		F6A176DD2AF94EE70014774A /* UserArtistPageView.swift */ = {isa = PBXFileReference; lastKnownFileType = sourcecode.swift; path = UserArtistPageView.swift; sourceTree = "<group>"; };
/* End PBXFileReference section */

/* Begin PBXFrameworksBuildPhase section */
		F65F70992AECC5540038E05F /* Frameworks */ = {
			isa = PBXFrameworksBuildPhase;
			buildActionMask = 2147483647;
			files = (
				F65F70B92AECCE170038E05F /* Alamofire in Frameworks */,
			);
			runOnlyForDeploymentPostprocessing = 0;
		};
/* End PBXFrameworksBuildPhase section */

/* Begin PBXGroup section */
		F65F70932AECC5540038E05F = {
			isa = PBXGroup;
			children = (
				F65F709E2AECC5540038E05F /* DonsNoteStreetApp */,
				F65F709D2AECC5540038E05F /* Products */,
			);
			sourceTree = "<group>";
		};
		F65F709D2AECC5540038E05F /* Products */ = {
			isa = PBXGroup;
			children = (
				F65F709C2AECC5540038E05F /* DonsNoteStreetApp.app */,
			);
			name = Products;
			sourceTree = "<group>";
		};
		F65F709E2AECC5540038E05F /* DonsNoteStreetApp */ = {
			isa = PBXGroup;
			children = (
				F690767C2AF374DC007B62A6 /* Info.plist */,
				F65F709F2AECC5540038E05F /* DonsNoteStreetApp.swift */,
				F65F70BD2AECD53C0038E05F /* View */,
				F65F70BE2AECD54D0038E05F /* ViewModel */,
				F65F70BA2AECCFC60038E05F /* Service */,
				F65F70AE2AECC58F0038E05F /* Model */,
				F65F70CE2AECF6420038E05F /* Extension */,
				F65F70A32AECC5560038E05F /* Assets.xcassets */,
				F65F70A52AECC5560038E05F /* DonsNoteStreetApp.entitlements */,
				F65F70A62AECC5560038E05F /* Preview Content */,
			);
			path = DonsNoteStreetApp;
			sourceTree = "<group>";
		};
		F65F70A62AECC5560038E05F /* Preview Content */ = {
			isa = PBXGroup;
			children = (
				F65F70A72AECC5560038E05F /* Preview Assets.xcassets */,
			);
			path = "Preview Content";
			sourceTree = "<group>";
		};
		F65F70AE2AECC58F0038E05F /* Model */ = {
			isa = PBXGroup;
			children = (
				F65F70AF2AECC5A80038E05F /* User.swift */,
				F65F70B12AECC8180038E05F /* Artist.swift */,
				F65F70B32AECCAA70038E05F /* Member.swift */,
				F65F70B52AECCCA20038E05F /* Busking.swift */,
				F65F71062AED52B20038E05F /* AccessToken.swift */,
			);
			path = Model;
			sourceTree = "<group>";
		};
		F65F70BA2AECCFC60038E05F /* Service */ = {
			isa = PBXGroup;
			children = (
				F65F70BB2AECD0030038E05F /* Service.swift */,
			);
			path = Service;
			sourceTree = "<group>";
		};
		F65F70BD2AECD53C0038E05F /* View */ = {
			isa = PBXGroup;
			children = (
				F65F70A12AECC5540038E05F /* ContentView.swift */,
				F65F70C82AECDC7F0038E05F /* Auth */,
				F65F70BF2AECD7600038E05F /* MyArtist */,
				F65F70C22AECD7940038E05F /* Map */,
				F65F70C52AECD7AE0038E05F /* Profile */,
			);
			path = View;
			sourceTree = "<group>";
		};
		F65F70BE2AECD54D0038E05F /* ViewModel */ = {
			isa = PBXGroup;
			children = (
				F65F70CB2AECE9520038E05F /* Map */,
				F65F70F02AECFDFF0038E05F /* Profile */,
			);
			path = ViewModel;
			sourceTree = "<group>";
		};
		F65F70BF2AECD7600038E05F /* MyArtist */ = {
			isa = PBXGroup;
			children = (
				F65F70C02AECD78B0038E05F /* MyArtist.swift */,
			);
			path = MyArtist;
			sourceTree = "<group>";
		};
		F65F70C22AECD7940038E05F /* Map */ = {
			isa = PBXGroup;
			children = (
				F65F70C32AECD7A70038E05F /* MapView.swift */,
			);
			path = Map;
			sourceTree = "<group>";
		};
		F65F70C52AECD7AE0038E05F /* Profile */ = {
			isa = PBXGroup;
			children = (
				F65F70C62AECD7C30038E05F /* ProfileView.swift */,
				F65F70F32AECFEB80038E05F /* UserPageView.swift */,
				F65F70F52AED00640038E05F /* EditFollowingListView.swift */,
				F65F70F72AED00890038E05F /* DonationListView.swift */,
				F65F70FB2AED00E30038E05F /* EditUserAcountView.swift */,
				F65F70FE2AED011A0038E05F /* AddUserArtistView.swift */,
				F65F70FD2AED01030038E05F /* UserArtist */,
			);
			path = Profile;
			sourceTree = "<group>";
		};
		F65F70C82AECDC7F0038E05F /* Auth */ = {
			isa = PBXGroup;
			children = (
				F65F70C92AECDC9E0038E05F /* AppleLoginView.swift */,
				F65F71082AED57670038E05F /* KeychainItem.swift */,
			);
			path = Auth;
			sourceTree = "<group>";
		};
		F65F70CB2AECE9520038E05F /* Map */ = {
			isa = PBXGroup;
			children = (
				F65F70CC2AECE9680038E05F /* MapViewModel.swift */,
			);
			path = Map;
			sourceTree = "<group>";
		};
		F65F70CE2AECF6420038E05F /* Extension */ = {
			isa = PBXGroup;
			children = (
				F65F70E92AECFC6C0038E05F /* Component */,
				F65F70CF2AECF70B0038E05F /* Font */,
				F65F70E02AECF7700038E05F /* Modifier */,
			);
			path = Extension;
			sourceTree = "<group>";
		};
		F65F70CF2AECF70B0038E05F /* Font */ = {
			isa = PBXGroup;
			children = (
				F65F70D62AECF70B0038E05F /* Font.swift */,
				F65F70D02AECF70B0038E05F /* Pretendard-Regular.otf */,
				F65F70D12AECF70B0038E05F /* Pretendard-Black.otf */,
				F65F70D22AECF70B0038E05F /* Pretendard-Medium.otf */,
				F65F70D32AECF70B0038E05F /* Pretendard-Light.otf */,
				F65F70D42AECF70B0038E05F /* Pretendard-ExtraBold.otf */,
				F65F70D52AECF70B0038E05F /* Pretendard-Bold.otf */,
				F65F70D72AECF70B0038E05F /* Pretendard-SemiBold.otf */,
			);
			path = Font;
			sourceTree = "<group>";
		};
		F65F70E02AECF7700038E05F /* Modifier */ = {
			isa = PBXGroup;
			children = (
				F65F70E12AECF7700038E05F /* dropShadowModifier.swift */,
				F65F70E22AECF7700038E05F /* mainpageTitleModifier.swift */,
			);
			path = Modifier;
			sourceTree = "<group>";
		};
		F65F70E92AECFC6C0038E05F /* Component */ = {
			isa = PBXGroup;
			children = (
				F65F70E52AECF7860038E05F /* Components.swift */,
				F65F70EA2AECFC8F0038E05F /* BackgroundView.swift */,
				F65F70EC2AECFCC60038E05F /* CircleBlur.swift */,
				F65F70EE2AECFD720038E05F /* DonationBar.swift */,
				F65F71042AED51400038E05F /* ImageCropper.swift */,
				F65F71002AED4FC90038E05F /* PopOverText.swift */,
				F65F70E72AECF7900038E05F /* UIScreen.swift */,
			);
			path = Component;
			sourceTree = "<group>";
		};
		F65F70F02AECFDFF0038E05F /* Profile */ = {
			isa = PBXGroup;
			children = (
				F65F70F12AECFE290038E05F /* ProfileViewModel.swift */,
				F65F71022AED50760038E05F /* UserPageViewModel.swift */,
				F69076AA2AF78AB3007B62A6 /* AddUserArtistViewModel.swift */,
				F6A176CE2AF948220014774A /* UserArtist */,
			);
			path = Profile;
			sourceTree = "<group>";
		};
		F65F70FD2AED01030038E05F /* UserArtist */ = {
			isa = PBXGroup;
			children = (
				F6A176CC2AF9471A0014774A /* UserArtistProfileView.swift */,
				F6A176DD2AF94EE70014774A /* UserArtistPageView.swift */,
				F6A176D12AF94A080014774A /* AddBuskingView.swift */,
				F6A176D32AF94A390014774A /* EditFanView.swift */,
				F6A176D52AF94A510014774A /* EditDonationView.swift */,
				F6A176D72AF94A8B0014774A /* EditBuskingView.swift */,
				F6A176D92AF94AF80014774A /* EditUserArtistAcountView.swift */,
			);
			path = UserArtist;
			sourceTree = "<group>";
		};
		F6A176CE2AF948220014774A /* UserArtist */ = {
			isa = PBXGroup;
			children = (
				F6A176CF2AF948E30014774A /* UserArtistProfileViewModel.swift */,
				F6A176DB2AF94B4C0014774A /* AddBuskingViewModel.swift */,
			);
			path = UserArtist;
			sourceTree = "<group>";
		};
/* End PBXGroup section */

/* Begin PBXNativeTarget section */
		F65F709B2AECC5540038E05F /* DonsNoteStreetApp */ = {
			isa = PBXNativeTarget;
			buildConfigurationList = F65F70AB2AECC5560038E05F /* Build configuration list for PBXNativeTarget "DonsNoteStreetApp" */;
			buildPhases = (
				F65F70982AECC5540038E05F /* Sources */,
				F65F70992AECC5540038E05F /* Frameworks */,
				F65F709A2AECC5540038E05F /* Resources */,
			);
			buildRules = (
			);
			dependencies = (
			);
			name = DonsNoteStreetApp;
			packageProductDependencies = (
				F65F70B82AECCE170038E05F /* Alamofire */,
			);
			productName = DonsNoteStreetApp;
			productReference = F65F709C2AECC5540038E05F /* DonsNoteStreetApp.app */;
			productType = "com.apple.product-type.application";
		};
/* End PBXNativeTarget section */

/* Begin PBXProject section */
		F65F70942AECC5540038E05F /* Project object */ = {
			isa = PBXProject;
			attributes = {
				BuildIndependentTargetsInParallel = 1;
				LastSwiftUpdateCheck = 1500;
				LastUpgradeCheck = 1500;
				TargetAttributes = {
					F65F709B2AECC5540038E05F = {
						CreatedOnToolsVersion = 15.0.1;
					};
				};
			};
			buildConfigurationList = F65F70972AECC5540038E05F /* Build configuration list for PBXProject "DonsNoteStreetApp" */;
			compatibilityVersion = "Xcode 14.0";
			developmentRegion = ko;
			hasScannedForEncodings = 0;
			knownRegions = (
				en,
				Base,
				ko,
			);
			mainGroup = F65F70932AECC5540038E05F;
			packageReferences = (
				F65F70B72AECCE170038E05F /* XCRemoteSwiftPackageReference "Alamofire" */,
			);
			productRefGroup = F65F709D2AECC5540038E05F /* Products */;
			projectDirPath = "";
			projectRoot = "";
			targets = (
				F65F709B2AECC5540038E05F /* DonsNoteStreetApp */,
			);
		};
/* End PBXProject section */

/* Begin PBXResourcesBuildPhase section */
		F65F709A2AECC5540038E05F /* Resources */ = {
			isa = PBXResourcesBuildPhase;
			buildActionMask = 2147483647;
			files = (
				F65F70A82AECC5560038E05F /* Preview Assets.xcassets in Resources */,
				F65F70DD2AECF70B0038E05F /* Pretendard-Bold.otf in Resources */,
				F65F70DA2AECF70B0038E05F /* Pretendard-Medium.otf in Resources */,
				F65F70DC2AECF70B0038E05F /* Pretendard-ExtraBold.otf in Resources */,
				F65F70D82AECF70B0038E05F /* Pretendard-Regular.otf in Resources */,
				F65F70D92AECF70B0038E05F /* Pretendard-Black.otf in Resources */,
				F65F70DF2AECF70B0038E05F /* Pretendard-SemiBold.otf in Resources */,
				F65F70A42AECC5560038E05F /* Assets.xcassets in Resources */,
				F65F70DB2AECF70B0038E05F /* Pretendard-Light.otf in Resources */,
			);
			runOnlyForDeploymentPostprocessing = 0;
		};
/* End PBXResourcesBuildPhase section */

/* Begin PBXSourcesBuildPhase section */
		F65F70982AECC5540038E05F /* Sources */ = {
			isa = PBXSourcesBuildPhase;
			buildActionMask = 2147483647;
			files = (
				F65F70EB2AECFC8F0038E05F /* BackgroundView.swift in Sources */,
				F6A176DE2AF94EE70014774A /* UserArtistPageView.swift in Sources */,
				F65F70ED2AECFCC60038E05F /* CircleBlur.swift in Sources */,
				F6A176D42AF94A390014774A /* EditFanView.swift in Sources */,
				F65F70A22AECC5540038E05F /* ContentView.swift in Sources */,
				F69076AB2AF78AB3007B62A6 /* AddUserArtistViewModel.swift in Sources */,
				F65F70FF2AED011A0038E05F /* AddUserArtistView.swift in Sources */,
				F65F70F42AECFEB80038E05F /* UserPageView.swift in Sources */,
				F65F71052AED51400038E05F /* ImageCropper.swift in Sources */,
				F65F70E62AECF7860038E05F /* Components.swift in Sources */,
				F6A176D62AF94A510014774A /* EditDonationView.swift in Sources */,
				F6A176D02AF948E30014774A /* UserArtistProfileViewModel.swift in Sources */,
				F65F71032AED50760038E05F /* UserPageViewModel.swift in Sources */,
				F65F71092AED57670038E05F /* KeychainItem.swift in Sources */,
				F65F70BC2AECD0030038E05F /* Service.swift in Sources */,
				F65F71072AED52B20038E05F /* AccessToken.swift in Sources */,
				F65F70C72AECD7C30038E05F /* ProfileView.swift in Sources */,
				F65F70A02AECC5540038E05F /* DonsNoteStreetApp.swift in Sources */,
				F65F70F22AECFE290038E05F /* ProfileViewModel.swift in Sources */,
				F65F70B22AECC8180038E05F /* Artist.swift in Sources */,
				F65F70E82AECF7900038E05F /* UIScreen.swift in Sources */,
				F65F70B02AECC5A80038E05F /* User.swift in Sources */,
				F65F70E42AECF7700038E05F /* mainpageTitleModifier.swift in Sources */,
				F6A176DA2AF94AF80014774A /* EditUserArtistAcountView.swift in Sources */,
				F65F70B42AECCAA70038E05F /* Member.swift in Sources */,
				F65F70DE2AECF70B0038E05F /* Font.swift in Sources */,
				F65F70C12AECD78B0038E05F /* MyArtist.swift in Sources */,
				F65F70CA2AECDC9E0038E05F /* AppleLoginView.swift in Sources */,
				F65F70C42AECD7A70038E05F /* MapView.swift in Sources */,
				F6A176DC2AF94B4C0014774A /* AddBuskingViewModel.swift in Sources */,
				F65F70B62AECCCA20038E05F /* Busking.swift in Sources */,
				F65F70EF2AECFD720038E05F /* DonationBar.swift in Sources */,
				F65F70FC2AED00E30038E05F /* EditUserAcountView.swift in Sources */,
				F6A176D22AF94A080014774A /* AddBuskingView.swift in Sources */,
				F65F70F82AED00890038E05F /* DonationListView.swift in Sources */,
				F65F71012AED4FCA0038E05F /* PopOverText.swift in Sources */,
				F65F70CD2AECE9680038E05F /* MapViewModel.swift in Sources */,
				F6A176D82AF94A8B0014774A /* EditBuskingView.swift in Sources */,
				F65F70F62AED00640038E05F /* EditFollowingListView.swift in Sources */,
				F65F70E32AECF7700038E05F /* dropShadowModifier.swift in Sources */,
				F6A176CD2AF9471A0014774A /* UserArtistProfileView.swift in Sources */,
			);
			runOnlyForDeploymentPostprocessing = 0;
		};
/* End PBXSourcesBuildPhase section */

/* Begin XCBuildConfiguration section */
		F65F70A92AECC5560038E05F /* Debug */ = {
			isa = XCBuildConfiguration;
			buildSettings = {
				ALWAYS_SEARCH_USER_PATHS = NO;
				ASSETCATALOG_COMPILER_GENERATE_SWIFT_ASSET_SYMBOL_EXTENSIONS = YES;
				CLANG_ANALYZER_NONNULL = YES;
				CLANG_ANALYZER_NUMBER_OBJECT_CONVERSION = YES_AGGRESSIVE;
				CLANG_CXX_LANGUAGE_STANDARD = "gnu++20";
				CLANG_ENABLE_MODULES = YES;
				CLANG_ENABLE_OBJC_ARC = YES;
				CLANG_ENABLE_OBJC_WEAK = YES;
				CLANG_WARN_BLOCK_CAPTURE_AUTORELEASING = YES;
				CLANG_WARN_BOOL_CONVERSION = YES;
				CLANG_WARN_COMMA = YES;
				CLANG_WARN_CONSTANT_CONVERSION = YES;
				CLANG_WARN_DEPRECATED_OBJC_IMPLEMENTATIONS = YES;
				CLANG_WARN_DIRECT_OBJC_ISA_USAGE = YES_ERROR;
				CLANG_WARN_DOCUMENTATION_COMMENTS = YES;
				CLANG_WARN_EMPTY_BODY = YES;
				CLANG_WARN_ENUM_CONVERSION = YES;
				CLANG_WARN_INFINITE_RECURSION = YES;
				CLANG_WARN_INT_CONVERSION = YES;
				CLANG_WARN_NON_LITERAL_NULL_CONVERSION = YES;
				CLANG_WARN_OBJC_IMPLICIT_RETAIN_SELF = YES;
				CLANG_WARN_OBJC_LITERAL_CONVERSION = YES;
				CLANG_WARN_OBJC_ROOT_CLASS = YES_ERROR;
				CLANG_WARN_QUOTED_INCLUDE_IN_FRAMEWORK_HEADER = YES;
				CLANG_WARN_RANGE_LOOP_ANALYSIS = YES;
				CLANG_WARN_STRICT_PROTOTYPES = YES;
				CLANG_WARN_SUSPICIOUS_MOVE = YES;
				CLANG_WARN_UNGUARDED_AVAILABILITY = YES_AGGRESSIVE;
				CLANG_WARN_UNREACHABLE_CODE = YES;
				CLANG_WARN__DUPLICATE_METHOD_MATCH = YES;
				COPY_PHASE_STRIP = NO;
				DEBUG_INFORMATION_FORMAT = dwarf;
				ENABLE_STRICT_OBJC_MSGSEND = YES;
				ENABLE_TESTABILITY = YES;
				ENABLE_USER_SCRIPT_SANDBOXING = YES;
				GCC_C_LANGUAGE_STANDARD = gnu17;
				GCC_DYNAMIC_NO_PIC = NO;
				GCC_NO_COMMON_BLOCKS = YES;
				GCC_OPTIMIZATION_LEVEL = 0;
				GCC_PREPROCESSOR_DEFINITIONS = (
					"DEBUG=1",
					"$(inherited)",
				);
				GCC_WARN_64_TO_32_BIT_CONVERSION = YES;
				GCC_WARN_ABOUT_RETURN_TYPE = YES_ERROR;
				GCC_WARN_UNDECLARED_SELECTOR = YES;
				GCC_WARN_UNINITIALIZED_AUTOS = YES_AGGRESSIVE;
				GCC_WARN_UNUSED_FUNCTION = YES;
				GCC_WARN_UNUSED_VARIABLE = YES;
				LOCALIZATION_PREFERS_STRING_CATALOGS = YES;
				MTL_ENABLE_DEBUG_INFO = INCLUDE_SOURCE;
				MTL_FAST_MATH = YES;
				ONLY_ACTIVE_ARCH = YES;
				SWIFT_ACTIVE_COMPILATION_CONDITIONS = "DEBUG $(inherited)";
				SWIFT_OPTIMIZATION_LEVEL = "-Onone";
			};
			name = Debug;
		};
		F65F70AA2AECC5560038E05F /* Release */ = {
			isa = XCBuildConfiguration;
			buildSettings = {
				ALWAYS_SEARCH_USER_PATHS = NO;
				ASSETCATALOG_COMPILER_GENERATE_SWIFT_ASSET_SYMBOL_EXTENSIONS = YES;
				CLANG_ANALYZER_NONNULL = YES;
				CLANG_ANALYZER_NUMBER_OBJECT_CONVERSION = YES_AGGRESSIVE;
				CLANG_CXX_LANGUAGE_STANDARD = "gnu++20";
				CLANG_ENABLE_MODULES = YES;
				CLANG_ENABLE_OBJC_ARC = YES;
				CLANG_ENABLE_OBJC_WEAK = YES;
				CLANG_WARN_BLOCK_CAPTURE_AUTORELEASING = YES;
				CLANG_WARN_BOOL_CONVERSION = YES;
				CLANG_WARN_COMMA = YES;
				CLANG_WARN_CONSTANT_CONVERSION = YES;
				CLANG_WARN_DEPRECATED_OBJC_IMPLEMENTATIONS = YES;
				CLANG_WARN_DIRECT_OBJC_ISA_USAGE = YES_ERROR;
				CLANG_WARN_DOCUMENTATION_COMMENTS = YES;
				CLANG_WARN_EMPTY_BODY = YES;
				CLANG_WARN_ENUM_CONVERSION = YES;
				CLANG_WARN_INFINITE_RECURSION = YES;
				CLANG_WARN_INT_CONVERSION = YES;
				CLANG_WARN_NON_LITERAL_NULL_CONVERSION = YES;
				CLANG_WARN_OBJC_IMPLICIT_RETAIN_SELF = YES;
				CLANG_WARN_OBJC_LITERAL_CONVERSION = YES;
				CLANG_WARN_OBJC_ROOT_CLASS = YES_ERROR;
				CLANG_WARN_QUOTED_INCLUDE_IN_FRAMEWORK_HEADER = YES;
				CLANG_WARN_RANGE_LOOP_ANALYSIS = YES;
				CLANG_WARN_STRICT_PROTOTYPES = YES;
				CLANG_WARN_SUSPICIOUS_MOVE = YES;
				CLANG_WARN_UNGUARDED_AVAILABILITY = YES_AGGRESSIVE;
				CLANG_WARN_UNREACHABLE_CODE = YES;
				CLANG_WARN__DUPLICATE_METHOD_MATCH = YES;
				COPY_PHASE_STRIP = NO;
				DEBUG_INFORMATION_FORMAT = "dwarf-with-dsym";
				ENABLE_NS_ASSERTIONS = NO;
				ENABLE_STRICT_OBJC_MSGSEND = YES;
				ENABLE_USER_SCRIPT_SANDBOXING = YES;
				GCC_C_LANGUAGE_STANDARD = gnu17;
				GCC_NO_COMMON_BLOCKS = YES;
				GCC_WARN_64_TO_32_BIT_CONVERSION = YES;
				GCC_WARN_ABOUT_RETURN_TYPE = YES_ERROR;
				GCC_WARN_UNDECLARED_SELECTOR = YES;
				GCC_WARN_UNINITIALIZED_AUTOS = YES_AGGRESSIVE;
				GCC_WARN_UNUSED_FUNCTION = YES;
				GCC_WARN_UNUSED_VARIABLE = YES;
				LOCALIZATION_PREFERS_STRING_CATALOGS = YES;
				MTL_ENABLE_DEBUG_INFO = NO;
				MTL_FAST_MATH = YES;
				SWIFT_COMPILATION_MODE = wholemodule;
			};
			name = Release;
		};
		F65F70AC2AECC5560038E05F /* Debug */ = {
			isa = XCBuildConfiguration;
			buildSettings = {
				ASSETCATALOG_COMPILER_APPICON_NAME = AppIcon;
				ASSETCATALOG_COMPILER_GLOBAL_ACCENT_COLOR_NAME = AccentColor;
				CODE_SIGN_ENTITLEMENTS = DonsNoteStreetApp/DonsNoteStreetApp.entitlements;
				CODE_SIGN_STYLE = Automatic;
				CURRENT_PROJECT_VERSION = 1;
				DEVELOPMENT_ASSET_PATHS = "\"DonsNoteStreetApp/Preview Content\"";
				DEVELOPMENT_TEAM = 6RJC8T2X94;
				ENABLE_HARDENED_RUNTIME = YES;
				ENABLE_PREVIEWS = YES;
				GENERATE_INFOPLIST_FILE = YES;
				INFOPLIST_FILE = DonsNoteStreetApp/Info.plist;
				INFOPLIST_KEY_NSLocationAlwaysAndWhenInUseUsageDescription = "";
				"INFOPLIST_KEY_UIApplicationSceneManifest_Generation[sdk=iphoneos*]" = YES;
				"INFOPLIST_KEY_UIApplicationSceneManifest_Generation[sdk=iphonesimulator*]" = YES;
				"INFOPLIST_KEY_UIApplicationSupportsIndirectInputEvents[sdk=iphoneos*]" = YES;
				"INFOPLIST_KEY_UIApplicationSupportsIndirectInputEvents[sdk=iphonesimulator*]" = YES;
				"INFOPLIST_KEY_UILaunchScreen_Generation[sdk=iphoneos*]" = YES;
				"INFOPLIST_KEY_UILaunchScreen_Generation[sdk=iphonesimulator*]" = YES;
				"INFOPLIST_KEY_UIStatusBarStyle[sdk=iphoneos*]" = UIStatusBarStyleDefault;
				"INFOPLIST_KEY_UIStatusBarStyle[sdk=iphonesimulator*]" = UIStatusBarStyleDefault;
				INFOPLIST_KEY_UISupportedInterfaceOrientations_iPad = "UIInterfaceOrientationPortrait UIInterfaceOrientationPortraitUpsideDown UIInterfaceOrientationLandscapeLeft UIInterfaceOrientationLandscapeRight";
				INFOPLIST_KEY_UISupportedInterfaceOrientations_iPhone = "UIInterfaceOrientationPortrait UIInterfaceOrientationLandscapeLeft UIInterfaceOrientationLandscapeRight";
				IPHONEOS_DEPLOYMENT_TARGET = 17.0;
				LD_RUNPATH_SEARCH_PATHS = "@executable_path/Frameworks";
				"LD_RUNPATH_SEARCH_PATHS[sdk=macosx*]" = "@executable_path/../Frameworks";
				MACOSX_DEPLOYMENT_TARGET = 14.0;
				MARKETING_VERSION = 1.0;
				PRODUCT_BUNDLE_IDENTIFIER = com.DonsNoteStreetApp;
				PRODUCT_NAME = "$(TARGET_NAME)";
				SDKROOT = auto;
				SUPPORTED_PLATFORMS = "iphoneos iphonesimulator";
				SUPPORTS_MACCATALYST = NO;
				SWIFT_EMIT_LOC_STRINGS = YES;
				SWIFT_VERSION = 5.0;
				TARGETED_DEVICE_FAMILY = 1;
			};
			name = Debug;
		};
		F65F70AD2AECC5560038E05F /* Release */ = {
			isa = XCBuildConfiguration;
			buildSettings = {
				ASSETCATALOG_COMPILER_APPICON_NAME = AppIcon;
				ASSETCATALOG_COMPILER_GLOBAL_ACCENT_COLOR_NAME = AccentColor;
				CODE_SIGN_ENTITLEMENTS = DonsNoteStreetApp/DonsNoteStreetApp.entitlements;
				CODE_SIGN_STYLE = Automatic;
				CURRENT_PROJECT_VERSION = 1;
				DEVELOPMENT_ASSET_PATHS = "\"DonsNoteStreetApp/Preview Content\"";
				DEVELOPMENT_TEAM = 6RJC8T2X94;
				ENABLE_HARDENED_RUNTIME = YES;
				ENABLE_PREVIEWS = YES;
				GENERATE_INFOPLIST_FILE = YES;
				INFOPLIST_FILE = DonsNoteStreetApp/Info.plist;
				INFOPLIST_KEY_NSLocationAlwaysAndWhenInUseUsageDescription = "";
				"INFOPLIST_KEY_UIApplicationSceneManifest_Generation[sdk=iphoneos*]" = YES;
				"INFOPLIST_KEY_UIApplicationSceneManifest_Generation[sdk=iphonesimulator*]" = YES;
				"INFOPLIST_KEY_UIApplicationSupportsIndirectInputEvents[sdk=iphoneos*]" = YES;
				"INFOPLIST_KEY_UIApplicationSupportsIndirectInputEvents[sdk=iphonesimulator*]" = YES;
				"INFOPLIST_KEY_UILaunchScreen_Generation[sdk=iphoneos*]" = YES;
				"INFOPLIST_KEY_UILaunchScreen_Generation[sdk=iphonesimulator*]" = YES;
				"INFOPLIST_KEY_UIStatusBarStyle[sdk=iphoneos*]" = UIStatusBarStyleDefault;
				"INFOPLIST_KEY_UIStatusBarStyle[sdk=iphonesimulator*]" = UIStatusBarStyleDefault;
				INFOPLIST_KEY_UISupportedInterfaceOrientations_iPad = "UIInterfaceOrientationPortrait UIInterfaceOrientationPortraitUpsideDown UIInterfaceOrientationLandscapeLeft UIInterfaceOrientationLandscapeRight";
				INFOPLIST_KEY_UISupportedInterfaceOrientations_iPhone = "UIInterfaceOrientationPortrait UIInterfaceOrientationLandscapeLeft UIInterfaceOrientationLandscapeRight";
				IPHONEOS_DEPLOYMENT_TARGET = 17.0;
				LD_RUNPATH_SEARCH_PATHS = "@executable_path/Frameworks";
				"LD_RUNPATH_SEARCH_PATHS[sdk=macosx*]" = "@executable_path/../Frameworks";
				MACOSX_DEPLOYMENT_TARGET = 14.0;
				MARKETING_VERSION = 1.0;
				PRODUCT_BUNDLE_IDENTIFIER = com.DonsNoteStreetApp;
				PRODUCT_NAME = "$(TARGET_NAME)";
				SDKROOT = auto;
				SUPPORTED_PLATFORMS = "iphoneos iphonesimulator";
				SUPPORTS_MACCATALYST = NO;
				SWIFT_EMIT_LOC_STRINGS = YES;
				SWIFT_VERSION = 5.0;
				TARGETED_DEVICE_FAMILY = 1;
			};
			name = Release;
		};
/* End XCBuildConfiguration section */

/* Begin XCConfigurationList section */
		F65F70972AECC5540038E05F /* Build configuration list for PBXProject "DonsNoteStreetApp" */ = {
			isa = XCConfigurationList;
			buildConfigurations = (
				F65F70A92AECC5560038E05F /* Debug */,
				F65F70AA2AECC5560038E05F /* Release */,
			);
			defaultConfigurationIsVisible = 0;
			defaultConfigurationName = Release;
		};
		F65F70AB2AECC5560038E05F /* Build configuration list for PBXNativeTarget "DonsNoteStreetApp" */ = {
			isa = XCConfigurationList;
			buildConfigurations = (
				F65F70AC2AECC5560038E05F /* Debug */,
				F65F70AD2AECC5560038E05F /* Release */,
			);
			defaultConfigurationIsVisible = 0;
			defaultConfigurationName = Release;
		};
/* End XCConfigurationList section */

/* Begin XCRemoteSwiftPackageReference section */
		F65F70B72AECCE170038E05F /* XCRemoteSwiftPackageReference "Alamofire" */ = {
			isa = XCRemoteSwiftPackageReference;
			repositoryURL = "https://github.com/Alamofire/Alamofire";
			requirement = {
				kind = upToNextMajorVersion;
				minimumVersion = 5.8.1;
			};
		};
/* End XCRemoteSwiftPackageReference section */

/* Begin XCSwiftPackageProductDependency section */
		F65F70B82AECCE170038E05F /* Alamofire */ = {
			isa = XCSwiftPackageProductDependency;
			package = F65F70B72AECCE170038E05F /* XCRemoteSwiftPackageReference "Alamofire" */;
			productName = Alamofire;
		};
/* End XCSwiftPackageProductDependency section */
	};
	rootObject = F65F70942AECC5540038E05F /* Project object */;
}
